
Microsoft Visual Studio Solution File, Format Version 12.00
Project("{FAE04EC0-301F-11D3-BF4B-00C04F79EFBC}") = "MyRedis", "MyRedis\MyRedis.csproj", "{ED58FA2C-A65F-45F7-8E07-F30FC8C05252}"
EndProject
Project("{FAE04EC0-301F-11D3-BF4B-00C04F79EFBC}") = "MyRedis.Client", "MyRedis.Client\MyRedis.Client.csproj", "{DAD574F5-4EC1-40EA-AE24-28799E7A7F68}"
EndProject
Project("{FAE04EC0-301F-11D3-BF4B-00C04F79EFBC}") = "MyRedis.CLI", "MyRedis.CLI\MyRedis.CLI.csproj", "{A1B2C3D4-E5F6-47A8-B9C0-D1E2F3A4B5C6}"
EndProject
Global
	GlobalSection(SolutionConfigurationPlatforms) = preSolution
		Debug|Any CPU = Debug|Any CPU
		Release|Any CPU = Release|Any CPU
	EndGlobalSection
	GlobalSection(ProjectConfigurationPlatforms) = postSolution
		{ED58FA2C-A65F-45F7-8E07-F30FC8C05252}.Debug|Any CPU.ActiveCfg = Debug|Any CPU
		{ED58FA2C-A65F-45F7-8E07-F30FC8C05252}.Debug|Any CPU.Build.0 = Debug|Any CPU
		{ED58FA2C-A65F-45F7-8E07-F30FC8C05252}.Release|Any CPU.ActiveCfg = Release|Any CPU
		{ED58FA2C-A65F-45F7-8E07-F30FC8C05252}.Release|Any CPU.Build.0 = Release|Any CPU
		{DAD574F5-4EC1-40EA-AE24-28799E7A7F68}.Debug|Any CPU.ActiveCfg = Debug|Any CPU
		{DAD574F5-4EC1-40EA-AE24-28799E7A7F68}.Debug|Any CPU.Build.0 = Debug|Any CPU
		{DAD574F5-4EC1-40EA-AE24-28799E7A7F68}.Release|Any CPU.ActiveCfg = Release|Any CPU
		{DAD574F5-4EC1-40EA-AE24-28799E7A7F68}.Release|Any CPU.Build.0 = Release|Any CPU
		{A1B2C3D4-E5F6-47A8-B9C0-D1E2F3A4B5C6}.Debug|Any CPU.ActiveCfg = Debug|Any CPU
		{A1B2C3D4-E5F6-47A8-B9C0-D1E2F3A4B5C6}.Debug|Any CPU.Build.0 = Debug|Any CPU
		{A1B2C3D4-E5F6-47A8-B9C0-D1E2F3A4B5C6}.Release|Any CPU.ActiveCfg = Release|Any CPU
		{A1B2C3D4-E5F6-47A8-B9C0-D1E2F3A4B5C6}.Release|Any CPU.Build.0 = Release|Any CPU
	EndGlobalSection
EndGlobal
